
Microsoft Visual Studio Solution File, Format Version 12.00
# Visual Studio 14
VisualStudioVersion = 14.0.25123.0
MinimumVisualStudioVersion = 10.0.40219.1
Project("{5BA0B3D0-AEF8-48D8-AB10-358D1E18314D}") = "StreamManager", "StreamManager\StreamManager.csproj", "{6FC1CC22-0846-407D-BF0D-AEE91D5211AD}"
EndProject
Global
	GlobalSection(SolutionConfigurationPlatforms) = preSolution
		Debug|Any CPU = Debug|Any CPU
		Release|Any CPU = Release|Any CPU
	EndGlobalSection
	GlobalSection(ProjectConfigurationPlatforms) = postSolution
		{6FC1CC22-0846-407D-BF0D-AEE91D5211AD}.Debug|Any CPU.ActiveCfg = Debug|Any CPU
		{6FC1CC22-0846-407D-BF0D-AEE91D5211AD}.Debug|Any CPU.Build.0 = Debug|Any CPU
		{6FC1CC22-0846-407D-BF0D-AEE91D5211AD}.Release|Any CPU.ActiveCfg = Release|Any CPU
		{6FC1CC22-0846-407D-BF0D-AEE91D5211AD}.Release|Any CPU.Build.0 = Release|Any CPU
	EndGlobalSection
	GlobalSection(SolutionProperties) = preSolution
		HideSolutionNode = FALSE
	EndGlobalSection
EndGlobal
